
Microsoft Visual Studio Solution File, Format Version 12.00
# Visual Studio Version 16
VisualStudioVersion = 16.0.31019.35
MinimumVisualStudioVersion = 10.0.40219.1
Project("{9A19103F-16F7-4668-BE54-9A1E7A4F7556}") = "dTerm.Core", "sources\dTerm.Core\dTerm.Core.csproj", "{8088449F-51A5-422B-B546-47CF1FC929A4}"
EndProject
Project("{9A19103F-16F7-4668-BE54-9A1E7A4F7556}") = "dTerm.Infra.ConPTY", "sources\dTerm.Infra.ConPTY\dTerm.Infra.ConPTY.csproj", "{26722D65-22E4-4443-855E-8861694935CF}"
EndProject
Project("{2150E333-8FDC-42A3-9474-1A3956D46DE8}") = "Submodules", "Submodules", "{FEA93C8A-0C6E-44F9-B593-3D5962B2F1C6}"
EndProject
Project("{9A19103F-16F7-4668-BE54-9A1E7A4F7556}") = "WpfTerminalControl", "modules\ms-terminal\src\cascadia\WpfTerminalControl\WpfTerminalControl.csproj", "{F1CC848C-E428-4DB8-B275-5B4BBAF55509}"
EndProject
Project("{2150E333-8FDC-42A3-9474-1A3956D46DE8}") = "Solution Items", "Solution Items", "{EE9340FA-FAE5-4ECD-970F-6B8A1BBDEB44}"
	ProjectSection(SolutionItems) = preProject
		.editorconfig = .editorconfig
		build-deps.cmd = build-deps.cmd
		Directory.Build.props = Directory.Build.props
	EndProjectSection
EndProject
Project("{9A19103F-16F7-4668-BE54-9A1E7A4F7556}") = "dTerm.Infra.EfCore", "sources\dTerm.Infra.EfCore\dTerm.Infra.EfCore.csproj", "{76797E56-67ED-4A5F-B16F-8403B374616B}"
EndProject
Project("{9A19103F-16F7-4668-BE54-9A1E7A4F7556}") = "dTerm.UI.Wpf", "sources\dTerm.UI.Wpf\dTerm.UI.Wpf.csproj", "{C73B6FF0-14B8-4D9A-A5D9-4FCCD2D2E7FF}"
EndProject
Global
	GlobalSection(SolutionConfigurationPlatforms) = preSolution
		Ad-Hoc|Any CPU = Ad-Hoc|Any CPU
		Ad-Hoc|ARM = Ad-Hoc|ARM
		Ad-Hoc|ARM64 = Ad-Hoc|ARM64
		Ad-Hoc|iPhone = Ad-Hoc|iPhone
		Ad-Hoc|iPhoneSimulator = Ad-Hoc|iPhoneSimulator
		Ad-Hoc|x64 = Ad-Hoc|x64
		Ad-Hoc|x86 = Ad-Hoc|x86
		AppStore|Any CPU = AppStore|Any CPU
		AppStore|ARM = AppStore|ARM
		AppStore|ARM64 = AppStore|ARM64
		AppStore|iPhone = AppStore|iPhone
		AppStore|iPhoneSimulator = AppStore|iPhoneSimulator
		AppStore|x64 = AppStore|x64
		AppStore|x86 = AppStore|x86
		AuditMode|Any CPU = AuditMode|Any CPU
		AuditMode|ARM = AuditMode|ARM
		AuditMode|ARM64 = AuditMode|ARM64
		AuditMode|iPhone = AuditMode|iPhone
		AuditMode|iPhoneSimulator = AuditMode|iPhoneSimulator
		AuditMode|x64 = AuditMode|x64
		AuditMode|x86 = AuditMode|x86
		Debug|Any CPU = Debug|Any CPU
		Debug|ARM = Debug|ARM
		Debug|ARM64 = Debug|ARM64
		Debug|iPhone = Debug|iPhone
		Debug|iPhoneSimulator = Debug|iPhoneSimulator
		Debug|x64 = Debug|x64
		Debug|x86 = Debug|x86
		Release|Any CPU = Release|Any CPU
		Release|ARM = Release|ARM
		Release|ARM64 = Release|ARM64
		Release|iPhone = Release|iPhone
		Release|iPhoneSimulator = Release|iPhoneSimulator
		Release|x64 = Release|x64
		Release|x86 = Release|x86
	EndGlobalSection
	GlobalSection(ProjectConfigurationPlatforms) = postSolution
		{8088449F-51A5-422B-B546-47CF1FC929A4}.Ad-Hoc|Any CPU.ActiveCfg = Release|Any CPU
		{8088449F-51A5-422B-B546-47CF1FC929A4}.Ad-Hoc|Any CPU.Build.0 = Release|Any CPU
		{8088449F-51A5-422B-B546-47CF1FC929A4}.Ad-Hoc|ARM.ActiveCfg = Release|Any CPU
		{8088449F-51A5-422B-B546-47CF1FC929A4}.Ad-Hoc|ARM.Build.0 = Release|Any CPU
		{8088449F-51A5-422B-B546-47CF1FC929A4}.Ad-Hoc|ARM64.ActiveCfg = Release|Any CPU
		{8088449F-51A5-422B-B546-47CF1FC929A4}.Ad-Hoc|ARM64.Build.0 = Release|Any CPU
		{8088449F-51A5-422B-B546-47CF1FC929A4}.Ad-Hoc|iPhone.ActiveCfg = Release|Any CPU
		{8088449F-51A5-422B-B546-47CF1FC929A4}.Ad-Hoc|iPhone.Build.0 = Release|Any CPU
		{8088449F-51A5-422B-B546-47CF1FC929A4}.Ad-Hoc|iPhoneSimulator.ActiveCfg = Release|Any CPU
		{8088449F-51A5-422B-B546-47CF1FC929A4}.Ad-Hoc|iPhoneSimulator.Build.0 = Release|Any CPU
		{8088449F-51A5-422B-B546-47CF1FC929A4}.Ad-Hoc|x64.ActiveCfg = Release|Any CPU
		{8088449F-51A5-422B-B546-47CF1FC929A4}.Ad-Hoc|x64.Build.0 = Release|Any CPU
		{8088449F-51A5-422B-B546-47CF1FC929A4}.Ad-Hoc|x86.ActiveCfg = Release|Any CPU
		{8088449F-51A5-422B-B546-47CF1FC929A4}.Ad-Hoc|x86.Build.0 = Release|Any CPU
		{8088449F-51A5-422B-B546-47CF1FC929A4}.AppStore|Any CPU.ActiveCfg = Release|Any CPU
		{8088449F-51A5-422B-B546-47CF1FC929A4}.AppStore|Any CPU.Build.0 = Release|Any CPU
		{8088449F-51A5-422B-B546-47CF1FC929A4}.AppStore|ARM.ActiveCfg = Release|Any CPU
		{8088449F-51A5-422B-B546-47CF1FC929A4}.AppStore|ARM.Build.0 = Release|Any CPU
		{8088449F-51A5-422B-B546-47CF1FC929A4}.AppStore|ARM64.ActiveCfg = Release|Any CPU
		{8088449F-51A5-422B-B546-47CF1FC929A4}.AppStore|ARM64.Build.0 = Release|Any CPU
		{8088449F-51A5-422B-B546-47CF1FC929A4}.AppStore|iPhone.ActiveCfg = Release|Any CPU
		{8088449F-51A5-422B-B546-47CF1FC929A4}.AppStore|iPhone.Build.0 = Release|Any CPU
		{8088449F-51A5-422B-B546-47CF1FC929A4}.AppStore|iPhoneSimulator.ActiveCfg = Release|Any CPU
		{8088449F-51A5-422B-B546-47CF1FC929A4}.AppStore|iPhoneSimulator.Build.0 = Release|Any CPU
		{8088449F-51A5-422B-B546-47CF1FC929A4}.AppStore|x64.ActiveCfg = Release|Any CPU
		{8088449F-51A5-422B-B546-47CF1FC929A4}.AppStore|x64.Build.0 = Release|Any CPU
		{8088449F-51A5-422B-B546-47CF1FC929A4}.AppStore|x86.ActiveCfg = Release|Any CPU
		{8088449F-51A5-422B-B546-47CF1FC929A4}.AppStore|x86.Build.0 = Release|Any CPU
		{8088449F-51A5-422B-B546-47CF1FC929A4}.AuditMode|Any CPU.ActiveCfg = Debug|Any CPU
		{8088449F-51A5-422B-B546-47CF1FC929A4}.AuditMode|Any CPU.Build.0 = Debug|Any CPU
		{8088449F-51A5-422B-B546-47CF1FC929A4}.AuditMode|ARM.ActiveCfg = Debug|Any CPU
		{8088449F-51A5-422B-B546-47CF1FC929A4}.AuditMode|ARM.Build.0 = Debug|Any CPU
		{8088449F-51A5-422B-B546-47CF1FC929A4}.AuditMode|ARM64.ActiveCfg = Debug|Any CPU
		{8088449F-51A5-422B-B546-47CF1FC929A4}.AuditMode|ARM64.Build.0 = Debug|Any CPU
		{8088449F-51A5-422B-B546-47CF1FC929A4}.AuditMode|iPhone.ActiveCfg = Debug|Any CPU
		{8088449F-51A5-422B-B546-47CF1FC929A4}.AuditMode|iPhone.Build.0 = Debug|Any CPU
		{8088449F-51A5-422B-B546-47CF1FC929A4}.AuditMode|iPhoneSimulator.ActiveCfg = Debug|Any CPU
		{8088449F-51A5-422B-B546-47CF1FC929A4}.AuditMode|iPhoneSimulator.Build.0 = Debug|Any CPU
		{8088449F-51A5-422B-B546-47CF1FC929A4}.AuditMode|x64.ActiveCfg = Debug|Any CPU
		{8088449F-51A5-422B-B546-47CF1FC929A4}.AuditMode|x64.Build.0 = Debug|Any CPU
		{8088449F-51A5-422B-B546-47CF1FC929A4}.AuditMode|x86.ActiveCfg = Debug|Any CPU
		{8088449F-51A5-422B-B546-47CF1FC929A4}.AuditMode|x86.Build.0 = Debug|Any CPU
		{8088449F-51A5-422B-B546-47CF1FC929A4}.Debug|Any CPU.ActiveCfg = Debug|Any CPU
		{8088449F-51A5-422B-B546-47CF1FC929A4}.Debug|Any CPU.Build.0 = Debug|Any CPU
		{8088449F-51A5-422B-B546-47CF1FC929A4}.Debug|ARM.ActiveCfg = Debug|Any CPU
		{8088449F-51A5-422B-B546-47CF1FC929A4}.Debug|ARM.Build.0 = Debug|Any CPU
		{8088449F-51A5-422B-B546-47CF1FC929A4}.Debug|ARM64.ActiveCfg = Debug|Any CPU
		{8088449F-51A5-422B-B546-47CF1FC929A4}.Debug|ARM64.Build.0 = Debug|Any CPU
		{8088449F-51A5-422B-B546-47CF1FC929A4}.Debug|iPhone.ActiveCfg = Debug|Any CPU
		{8088449F-51A5-422B-B546-47CF1FC929A4}.Debug|iPhone.Build.0 = Debug|Any CPU
		{8088449F-51A5-422B-B546-47CF1FC929A4}.Debug|iPhoneSimulator.ActiveCfg = Debug|Any CPU
		{8088449F-51A5-422B-B546-47CF1FC929A4}.Debug|iPhoneSimulator.Build.0 = Debug|Any CPU
		{8088449F-51A5-422B-B546-47CF1FC929A4}.Debug|x64.ActiveCfg = Debug|Any CPU
		{8088449F-51A5-422B-B546-47CF1FC929A4}.Debug|x64.Build.0 = Debug|Any CPU
		{8088449F-51A5-422B-B546-47CF1FC929A4}.Debug|x86.ActiveCfg = Debug|Any CPU
		{8088449F-51A5-422B-B546-47CF1FC929A4}.Debug|x86.Build.0 = Debug|Any CPU
		{8088449F-51A5-422B-B546-47CF1FC929A4}.Release|Any CPU.ActiveCfg = Release|Any CPU
		{8088449F-51A5-422B-B546-47CF1FC929A4}.Release|Any CPU.Build.0 = Release|Any CPU
		{8088449F-51A5-422B-B546-47CF1FC929A4}.Release|ARM.ActiveCfg = Release|Any CPU
		{8088449F-51A5-422B-B546-47CF1FC929A4}.Release|ARM.Build.0 = Release|Any CPU
		{8088449F-51A5-422B-B546-47CF1FC929A4}.Release|ARM64.ActiveCfg = Release|Any CPU
		{8088449F-51A5-422B-B546-47CF1FC929A4}.Release|ARM64.Build.0 = Release|Any CPU
		{8088449F-51A5-422B-B546-47CF1FC929A4}.Release|iPhone.ActiveCfg = Release|Any CPU
		{8088449F-51A5-422B-B546-47CF1FC929A4}.Release|iPhone.Build.0 = Release|Any CPU
		{8088449F-51A5-422B-B546-47CF1FC929A4}.Release|iPhoneSimulator.ActiveCfg = Release|Any CPU
		{8088449F-51A5-422B-B546-47CF1FC929A4}.Release|iPhoneSimulator.Build.0 = Release|Any CPU
		{8088449F-51A5-422B-B546-47CF1FC929A4}.Release|x64.ActiveCfg = Release|Any CPU
		{8088449F-51A5-422B-B546-47CF1FC929A4}.Release|x64.Build.0 = Release|Any CPU
		{8088449F-51A5-422B-B546-47CF1FC929A4}.Release|x86.ActiveCfg = Release|Any CPU
		{8088449F-51A5-422B-B546-47CF1FC929A4}.Release|x86.Build.0 = Release|Any CPU
		{26722D65-22E4-4443-855E-8861694935CF}.Ad-Hoc|Any CPU.ActiveCfg = Release|Any CPU
		{26722D65-22E4-4443-855E-8861694935CF}.Ad-Hoc|Any CPU.Build.0 = Release|Any CPU
		{26722D65-22E4-4443-855E-8861694935CF}.Ad-Hoc|ARM.ActiveCfg = Release|Any CPU
		{26722D65-22E4-4443-855E-8861694935CF}.Ad-Hoc|ARM.Build.0 = Release|Any CPU
		{26722D65-22E4-4443-855E-8861694935CF}.Ad-Hoc|ARM64.ActiveCfg = Release|Any CPU
		{26722D65-22E4-4443-855E-8861694935CF}.Ad-Hoc|ARM64.Build.0 = Release|Any CPU
		{26722D65-22E4-4443-855E-8861694935CF}.Ad-Hoc|iPhone.ActiveCfg = Release|Any CPU
		{26722D65-22E4-4443-855E-8861694935CF}.Ad-Hoc|iPhone.Build.0 = Release|Any CPU
		{26722D65-22E4-4443-855E-8861694935CF}.Ad-Hoc|iPhoneSimulator.ActiveCfg = Release|Any CPU
		{26722D65-22E4-4443-855E-8861694935CF}.Ad-Hoc|iPhoneSimulator.Build.0 = Release|Any CPU
		{26722D65-22E4-4443-855E-8861694935CF}.Ad-Hoc|x64.ActiveCfg = Release|Any CPU
		{26722D65-22E4-4443-855E-8861694935CF}.Ad-Hoc|x64.Build.0 = Release|Any CPU
		{26722D65-22E4-4443-855E-8861694935CF}.Ad-Hoc|x86.ActiveCfg = Release|Any CPU
		{26722D65-22E4-4443-855E-8861694935CF}.Ad-Hoc|x86.Build.0 = Release|Any CPU
		{26722D65-22E4-4443-855E-8861694935CF}.AppStore|Any CPU.ActiveCfg = Release|Any CPU
		{26722D65-22E4-4443-855E-8861694935CF}.AppStore|Any CPU.Build.0 = Release|Any CPU
		{26722D65-22E4-4443-855E-8861694935CF}.AppStore|ARM.ActiveCfg = Release|Any CPU
		{26722D65-22E4-4443-855E-8861694935CF}.AppStore|ARM.Build.0 = Release|Any CPU
		{26722D65-22E4-4443-855E-8861694935CF}.AppStore|ARM64.ActiveCfg = Release|Any CPU
		{26722D65-22E4-4443-855E-8861694935CF}.AppStore|ARM64.Build.0 = Release|Any CPU
		{26722D65-22E4-4443-855E-8861694935CF}.AppStore|iPhone.ActiveCfg = Release|Any CPU
		{26722D65-22E4-4443-855E-8861694935CF}.AppStore|iPhone.Build.0 = Release|Any CPU
		{26722D65-22E4-4443-855E-8861694935CF}.AppStore|iPhoneSimulator.ActiveCfg = Release|Any CPU
		{26722D65-22E4-4443-855E-8861694935CF}.AppStore|iPhoneSimulator.Build.0 = Release|Any CPU
		{26722D65-22E4-4443-855E-8861694935CF}.AppStore|x64.ActiveCfg = Release|Any CPU
		{26722D65-22E4-4443-855E-8861694935CF}.AppStore|x64.Build.0 = Release|Any CPU
		{26722D65-22E4-4443-855E-8861694935CF}.AppStore|x86.ActiveCfg = Release|Any CPU
		{26722D65-22E4-4443-855E-8861694935CF}.AppStore|x86.Build.0 = Release|Any CPU
		{26722D65-22E4-4443-855E-8861694935CF}.AuditMode|Any CPU.ActiveCfg = Debug|Any CPU
		{26722D65-22E4-4443-855E-8861694935CF}.AuditMode|Any CPU.Build.0 = Debug|Any CPU
		{26722D65-22E4-4443-855E-8861694935CF}.AuditMode|ARM.ActiveCfg = Debug|Any CPU
		{26722D65-22E4-4443-855E-8861694935CF}.AuditMode|ARM.Build.0 = Debug|Any CPU
		{26722D65-22E4-4443-855E-8861694935CF}.AuditMode|ARM64.ActiveCfg = Debug|Any CPU
		{26722D65-22E4-4443-855E-8861694935CF}.AuditMode|ARM64.Build.0 = Debug|Any CPU
		{26722D65-22E4-4443-855E-8861694935CF}.AuditMode|iPhone.ActiveCfg = Debug|Any CPU
		{26722D65-22E4-4443-855E-8861694935CF}.AuditMode|iPhone.Build.0 = Debug|Any CPU
		{26722D65-22E4-4443-855E-8861694935CF}.AuditMode|iPhoneSimulator.ActiveCfg = Debug|Any CPU
		{26722D65-22E4-4443-855E-8861694935CF}.AuditMode|iPhoneSimulator.Build.0 = Debug|Any CPU
		{26722D65-22E4-4443-855E-8861694935CF}.AuditMode|x64.ActiveCfg = Debug|Any CPU
		{26722D65-22E4-4443-855E-8861694935CF}.AuditMode|x64.Build.0 = Debug|Any CPU
		{26722D65-22E4-4443-855E-8861694935CF}.AuditMode|x86.ActiveCfg = Debug|Any CPU
		{26722D65-22E4-4443-855E-8861694935CF}.AuditMode|x86.Build.0 = Debug|Any CPU
		{26722D65-22E4-4443-855E-8861694935CF}.Debug|Any CPU.ActiveCfg = Debug|Any CPU
		{26722D65-22E4-4443-855E-8861694935CF}.Debug|Any CPU.Build.0 = Debug|Any CPU
		{26722D65-22E4-4443-855E-8861694935CF}.Debug|ARM.ActiveCfg = Debug|Any CPU
		{26722D65-22E4-4443-855E-8861694935CF}.Debug|ARM.Build.0 = Debug|Any CPU
		{26722D65-22E4-4443-855E-8861694935CF}.Debug|ARM64.ActiveCfg = Debug|Any CPU
		{26722D65-22E4-4443-855E-8861694935CF}.Debug|ARM64.Build.0 = Debug|Any CPU
		{26722D65-22E4-4443-855E-8861694935CF}.Debug|iPhone.ActiveCfg = Debug|Any CPU
		{26722D65-22E4-4443-855E-8861694935CF}.Debug|iPhone.Build.0 = Debug|Any CPU
		{26722D65-22E4-4443-855E-8861694935CF}.Debug|iPhoneSimulator.ActiveCfg = Debug|Any CPU
		{26722D65-22E4-4443-855E-8861694935CF}.Debug|iPhoneSimulator.Build.0 = Debug|Any CPU
		{26722D65-22E4-4443-855E-8861694935CF}.Debug|x64.ActiveCfg = Debug|Any CPU
		{26722D65-22E4-4443-855E-8861694935CF}.Debug|x64.Build.0 = Debug|Any CPU
		{26722D65-22E4-4443-855E-8861694935CF}.Debug|x86.ActiveCfg = Debug|Any CPU
		{26722D65-22E4-4443-855E-8861694935CF}.Debug|x86.Build.0 = Debug|Any CPU
		{26722D65-22E4-4443-855E-8861694935CF}.Release|Any CPU.ActiveCfg = Release|Any CPU
		{26722D65-22E4-4443-855E-8861694935CF}.Release|Any CPU.Build.0 = Release|Any CPU
		{26722D65-22E4-4443-855E-8861694935CF}.Release|ARM.ActiveCfg = Release|Any CPU
		{26722D65-22E4-4443-855E-8861694935CF}.Release|ARM.Build.0 = Release|Any CPU
		{26722D65-22E4-4443-855E-8861694935CF}.Release|ARM64.ActiveCfg = Release|Any CPU
		{26722D65-22E4-4443-855E-8861694935CF}.Release|ARM64.Build.0 = Release|Any CPU
		{26722D65-22E4-4443-855E-8861694935CF}.Release|iPhone.ActiveCfg = Release|Any CPU
		{26722D65-22E4-4443-855E-8861694935CF}.Release|iPhone.Build.0 = Release|Any CPU
		{26722D65-22E4-4443-855E-8861694935CF}.Release|iPhoneSimulator.ActiveCfg = Release|Any CPU
		{26722D65-22E4-4443-855E-8861694935CF}.Release|iPhoneSimulator.Build.0 = Release|Any CPU
		{26722D65-22E4-4443-855E-8861694935CF}.Release|x64.ActiveCfg = Release|Any CPU
		{26722D65-22E4-4443-855E-8861694935CF}.Release|x64.Build.0 = Release|Any CPU
		{26722D65-22E4-4443-855E-8861694935CF}.Release|x86.ActiveCfg = Release|Any CPU
		{26722D65-22E4-4443-855E-8861694935CF}.Release|x86.Build.0 = Release|Any CPU
		{F1CC848C-E428-4DB8-B275-5B4BBAF55509}.Ad-Hoc|Any CPU.ActiveCfg = Release|Any CPU
		{F1CC848C-E428-4DB8-B275-5B4BBAF55509}.Ad-Hoc|Any CPU.Build.0 = Release|Any CPU
		{F1CC848C-E428-4DB8-B275-5B4BBAF55509}.Ad-Hoc|ARM.ActiveCfg = Release|Any CPU
		{F1CC848C-E428-4DB8-B275-5B4BBAF55509}.Ad-Hoc|ARM.Build.0 = Release|Any CPU
		{F1CC848C-E428-4DB8-B275-5B4BBAF55509}.Ad-Hoc|ARM64.ActiveCfg = Release|Any CPU
		{F1CC848C-E428-4DB8-B275-5B4BBAF55509}.Ad-Hoc|ARM64.Build.0 = Release|Any CPU
		{F1CC848C-E428-4DB8-B275-5B4BBAF55509}.Ad-Hoc|iPhone.ActiveCfg = Release|Any CPU
		{F1CC848C-E428-4DB8-B275-5B4BBAF55509}.Ad-Hoc|iPhone.Build.0 = Release|Any CPU
		{F1CC848C-E428-4DB8-B275-5B4BBAF55509}.Ad-Hoc|iPhoneSimulator.ActiveCfg = Release|Any CPU
		{F1CC848C-E428-4DB8-B275-5B4BBAF55509}.Ad-Hoc|iPhoneSimulator.Build.0 = Release|Any CPU
		{F1CC848C-E428-4DB8-B275-5B4BBAF55509}.Ad-Hoc|x64.ActiveCfg = Release|Any CPU
		{F1CC848C-E428-4DB8-B275-5B4BBAF55509}.Ad-Hoc|x64.Build.0 = Release|Any CPU
		{F1CC848C-E428-4DB8-B275-5B4BBAF55509}.Ad-Hoc|x86.ActiveCfg = Release|Any CPU
		{F1CC848C-E428-4DB8-B275-5B4BBAF55509}.Ad-Hoc|x86.Build.0 = Release|Any CPU
		{F1CC848C-E428-4DB8-B275-5B4BBAF55509}.AppStore|Any CPU.ActiveCfg = Release|Any CPU
		{F1CC848C-E428-4DB8-B275-5B4BBAF55509}.AppStore|Any CPU.Build.0 = Release|Any CPU
		{F1CC848C-E428-4DB8-B275-5B4BBAF55509}.AppStore|ARM.ActiveCfg = Release|Any CPU
		{F1CC848C-E428-4DB8-B275-5B4BBAF55509}.AppStore|ARM.Build.0 = Release|Any CPU
		{F1CC848C-E428-4DB8-B275-5B4BBAF55509}.AppStore|ARM64.ActiveCfg = Release|Any CPU
		{F1CC848C-E428-4DB8-B275-5B4BBAF55509}.AppStore|ARM64.Build.0 = Release|Any CPU
		{F1CC848C-E428-4DB8-B275-5B4BBAF55509}.AppStore|iPhone.ActiveCfg = Release|Any CPU
		{F1CC848C-E428-4DB8-B275-5B4BBAF55509}.AppStore|iPhone.Build.0 = Release|Any CPU
		{F1CC848C-E428-4DB8-B275-5B4BBAF55509}.AppStore|iPhoneSimulator.ActiveCfg = Release|Any CPU
		{F1CC848C-E428-4DB8-B275-5B4BBAF55509}.AppStore|iPhoneSimulator.Build.0 = Release|Any CPU
		{F1CC848C-E428-4DB8-B275-5B4BBAF55509}.AppStore|x64.ActiveCfg = Release|Any CPU
		{F1CC848C-E428-4DB8-B275-5B4BBAF55509}.AppStore|x64.Build.0 = Release|Any CPU
		{F1CC848C-E428-4DB8-B275-5B4BBAF55509}.AppStore|x86.ActiveCfg = Release|Any CPU
		{F1CC848C-E428-4DB8-B275-5B4BBAF55509}.AppStore|x86.Build.0 = Release|Any CPU
		{F1CC848C-E428-4DB8-B275-5B4BBAF55509}.AuditMode|Any CPU.ActiveCfg = Debug|Any CPU
		{F1CC848C-E428-4DB8-B275-5B4BBAF55509}.AuditMode|Any CPU.Build.0 = Debug|Any CPU
		{F1CC848C-E428-4DB8-B275-5B4BBAF55509}.AuditMode|ARM.ActiveCfg = Debug|Any CPU
		{F1CC848C-E428-4DB8-B275-5B4BBAF55509}.AuditMode|ARM.Build.0 = Debug|Any CPU
		{F1CC848C-E428-4DB8-B275-5B4BBAF55509}.AuditMode|ARM64.ActiveCfg = Debug|Any CPU
		{F1CC848C-E428-4DB8-B275-5B4BBAF55509}.AuditMode|ARM64.Build.0 = Debug|Any CPU
		{F1CC848C-E428-4DB8-B275-5B4BBAF55509}.AuditMode|iPhone.ActiveCfg = Debug|Any CPU
		{F1CC848C-E428-4DB8-B275-5B4BBAF55509}.AuditMode|iPhone.Build.0 = Debug|Any CPU
		{F1CC848C-E428-4DB8-B275-5B4BBAF55509}.AuditMode|iPhoneSimulator.ActiveCfg = Debug|Any CPU
		{F1CC848C-E428-4DB8-B275-5B4BBAF55509}.AuditMode|iPhoneSimulator.Build.0 = Debug|Any CPU
		{F1CC848C-E428-4DB8-B275-5B4BBAF55509}.AuditMode|x64.ActiveCfg = Debug|Any CPU
		{F1CC848C-E428-4DB8-B275-5B4BBAF55509}.AuditMode|x64.Build.0 = Debug|Any CPU
		{F1CC848C-E428-4DB8-B275-5B4BBAF55509}.AuditMode|x86.ActiveCfg = Debug|Any CPU
		{F1CC848C-E428-4DB8-B275-5B4BBAF55509}.AuditMode|x86.Build.0 = Debug|Any CPU
		{F1CC848C-E428-4DB8-B275-5B4BBAF55509}.Debug|Any CPU.ActiveCfg = Debug|Any CPU
		{F1CC848C-E428-4DB8-B275-5B4BBAF55509}.Debug|Any CPU.Build.0 = Debug|Any CPU
		{F1CC848C-E428-4DB8-B275-5B4BBAF55509}.Debug|ARM.ActiveCfg = Debug|Any CPU
		{F1CC848C-E428-4DB8-B275-5B4BBAF55509}.Debug|ARM.Build.0 = Debug|Any CPU
		{F1CC848C-E428-4DB8-B275-5B4BBAF55509}.Debug|ARM64.ActiveCfg = Debug|Any CPU
		{F1CC848C-E428-4DB8-B275-5B4BBAF55509}.Debug|ARM64.Build.0 = Debug|Any CPU
		{F1CC848C-E428-4DB8-B275-5B4BBAF55509}.Debug|iPhone.ActiveCfg = Debug|Any CPU
		{F1CC848C-E428-4DB8-B275-5B4BBAF55509}.Debug|iPhone.Build.0 = Debug|Any CPU
		{F1CC848C-E428-4DB8-B275-5B4BBAF55509}.Debug|iPhoneSimulator.ActiveCfg = Debug|Any CPU
		{F1CC848C-E428-4DB8-B275-5B4BBAF55509}.Debug|iPhoneSimulator.Build.0 = Debug|Any CPU
		{F1CC848C-E428-4DB8-B275-5B4BBAF55509}.Debug|x64.ActiveCfg = Debug|Any CPU
		{F1CC848C-E428-4DB8-B275-5B4BBAF55509}.Debug|x64.Build.0 = Debug|Any CPU
		{F1CC848C-E428-4DB8-B275-5B4BBAF55509}.Debug|x86.ActiveCfg = Debug|Any CPU
		{F1CC848C-E428-4DB8-B275-5B4BBAF55509}.Debug|x86.Build.0 = Debug|Any CPU
		{F1CC848C-E428-4DB8-B275-5B4BBAF55509}.Release|Any CPU.ActiveCfg = Release|Any CPU
		{F1CC848C-E428-4DB8-B275-5B4BBAF55509}.Release|Any CPU.Build.0 = Release|Any CPU
		{F1CC848C-E428-4DB8-B275-5B4BBAF55509}.Release|ARM.ActiveCfg = Release|Any CPU
		{F1CC848C-E428-4DB8-B275-5B4BBAF55509}.Release|ARM.Build.0 = Release|Any CPU
		{F1CC848C-E428-4DB8-B275-5B4BBAF55509}.Release|ARM64.ActiveCfg = Release|Any CPU
		{F1CC848C-E428-4DB8-B275-5B4BBAF55509}.Release|ARM64.Build.0 = Release|Any CPU
		{F1CC848C-E428-4DB8-B275-5B4BBAF55509}.Release|iPhone.ActiveCfg = Release|Any CPU
		{F1CC848C-E428-4DB8-B275-5B4BBAF55509}.Release|iPhone.Build.0 = Release|Any CPU
		{F1CC848C-E428-4DB8-B275-5B4BBAF55509}.Release|iPhoneSimulator.ActiveCfg = Release|Any CPU
		{F1CC848C-E428-4DB8-B275-5B4BBAF55509}.Release|iPhoneSimulator.Build.0 = Release|Any CPU
		{F1CC848C-E428-4DB8-B275-5B4BBAF55509}.Release|x64.ActiveCfg = Release|Any CPU
		{F1CC848C-E428-4DB8-B275-5B4BBAF55509}.Release|x64.Build.0 = Release|Any CPU
		{F1CC848C-E428-4DB8-B275-5B4BBAF55509}.Release|x86.ActiveCfg = Release|Any CPU
		{F1CC848C-E428-4DB8-B275-5B4BBAF55509}.Release|x86.Build.0 = Release|Any CPU
		{76797E56-67ED-4A5F-B16F-8403B374616B}.Ad-Hoc|Any CPU.ActiveCfg = Release|Any CPU
		{76797E56-67ED-4A5F-B16F-8403B374616B}.Ad-Hoc|Any CPU.Build.0 = Release|Any CPU
		{76797E56-67ED-4A5F-B16F-8403B374616B}.Ad-Hoc|ARM.ActiveCfg = Release|Any CPU
		{76797E56-67ED-4A5F-B16F-8403B374616B}.Ad-Hoc|ARM.Build.0 = Release|Any CPU
		{76797E56-67ED-4A5F-B16F-8403B374616B}.Ad-Hoc|ARM64.ActiveCfg = Release|Any CPU
		{76797E56-67ED-4A5F-B16F-8403B374616B}.Ad-Hoc|ARM64.Build.0 = Release|Any CPU
		{76797E56-67ED-4A5F-B16F-8403B374616B}.Ad-Hoc|iPhone.ActiveCfg = Release|Any CPU
		{76797E56-67ED-4A5F-B16F-8403B374616B}.Ad-Hoc|iPhone.Build.0 = Release|Any CPU
		{76797E56-67ED-4A5F-B16F-8403B374616B}.Ad-Hoc|iPhoneSimulator.ActiveCfg = Release|Any CPU
		{76797E56-67ED-4A5F-B16F-8403B374616B}.Ad-Hoc|iPhoneSimulator.Build.0 = Release|Any CPU
		{76797E56-67ED-4A5F-B16F-8403B374616B}.Ad-Hoc|x64.ActiveCfg = Release|Any CPU
		{76797E56-67ED-4A5F-B16F-8403B374616B}.Ad-Hoc|x64.Build.0 = Release|Any CPU
		{76797E56-67ED-4A5F-B16F-8403B374616B}.Ad-Hoc|x86.ActiveCfg = Release|Any CPU
		{76797E56-67ED-4A5F-B16F-8403B374616B}.Ad-Hoc|x86.Build.0 = Release|Any CPU
		{76797E56-67ED-4A5F-B16F-8403B374616B}.AppStore|Any CPU.ActiveCfg = Release|Any CPU
		{76797E56-67ED-4A5F-B16F-8403B374616B}.AppStore|Any CPU.Build.0 = Release|Any CPU
		{76797E56-67ED-4A5F-B16F-8403B374616B}.AppStore|ARM.ActiveCfg = Release|Any CPU
		{76797E56-67ED-4A5F-B16F-8403B374616B}.AppStore|ARM.Build.0 = Release|Any CPU
		{76797E56-67ED-4A5F-B16F-8403B374616B}.AppStore|ARM64.ActiveCfg = Release|Any CPU
		{76797E56-67ED-4A5F-B16F-8403B374616B}.AppStore|ARM64.Build.0 = Release|Any CPU
		{76797E56-67ED-4A5F-B16F-8403B374616B}.AppStore|iPhone.ActiveCfg = Release|Any CPU
		{76797E56-67ED-4A5F-B16F-8403B374616B}.AppStore|iPhone.Build.0 = Release|Any CPU
		{76797E56-67ED-4A5F-B16F-8403B374616B}.AppStore|iPhoneSimulator.ActiveCfg = Release|Any CPU
		{76797E56-67ED-4A5F-B16F-8403B374616B}.AppStore|iPhoneSimulator.Build.0 = Release|Any CPU
		{76797E56-67ED-4A5F-B16F-8403B374616B}.AppStore|x64.ActiveCfg = Release|Any CPU
		{76797E56-67ED-4A5F-B16F-8403B374616B}.AppStore|x64.Build.0 = Release|Any CPU
		{76797E56-67ED-4A5F-B16F-8403B374616B}.AppStore|x86.ActiveCfg = Release|Any CPU
		{76797E56-67ED-4A5F-B16F-8403B374616B}.AppStore|x86.Build.0 = Release|Any CPU
		{76797E56-67ED-4A5F-B16F-8403B374616B}.AuditMode|Any CPU.ActiveCfg = Debug|Any CPU
		{76797E56-67ED-4A5F-B16F-8403B374616B}.AuditMode|Any CPU.Build.0 = Debug|Any CPU
		{76797E56-67ED-4A5F-B16F-8403B374616B}.AuditMode|ARM.ActiveCfg = Debug|Any CPU
		{76797E56-67ED-4A5F-B16F-8403B374616B}.AuditMode|ARM.Build.0 = Debug|Any CPU
		{76797E56-67ED-4A5F-B16F-8403B374616B}.AuditMode|ARM64.ActiveCfg = Debug|Any CPU
		{76797E56-67ED-4A5F-B16F-8403B374616B}.AuditMode|ARM64.Build.0 = Debug|Any CPU
		{76797E56-67ED-4A5F-B16F-8403B374616B}.AuditMode|iPhone.ActiveCfg = Debug|Any CPU
		{76797E56-67ED-4A5F-B16F-8403B374616B}.AuditMode|iPhone.Build.0 = Debug|Any CPU
		{76797E56-67ED-4A5F-B16F-8403B374616B}.AuditMode|iPhoneSimulator.ActiveCfg = Debug|Any CPU
		{76797E56-67ED-4A5F-B16F-8403B374616B}.AuditMode|iPhoneSimulator.Build.0 = Debug|Any CPU
		{76797E56-67ED-4A5F-B16F-8403B374616B}.AuditMode|x64.ActiveCfg = Debug|Any CPU
		{76797E56-67ED-4A5F-B16F-8403B374616B}.AuditMode|x64.Build.0 = Debug|Any CPU
		{76797E56-67ED-4A5F-B16F-8403B374616B}.AuditMode|x86.ActiveCfg = Debug|Any CPU
		{76797E56-67ED-4A5F-B16F-8403B374616B}.AuditMode|x86.Build.0 = Debug|Any CPU
		{76797E56-67ED-4A5F-B16F-8403B374616B}.Debug|Any CPU.ActiveCfg = Debug|Any CPU
		{76797E56-67ED-4A5F-B16F-8403B374616B}.Debug|Any CPU.Build.0 = Debug|Any CPU
		{76797E56-67ED-4A5F-B16F-8403B374616B}.Debug|ARM.ActiveCfg = Debug|Any CPU
		{76797E56-67ED-4A5F-B16F-8403B374616B}.Debug|ARM.Build.0 = Debug|Any CPU
		{76797E56-67ED-4A5F-B16F-8403B374616B}.Debug|ARM64.ActiveCfg = Debug|Any CPU
		{76797E56-67ED-4A5F-B16F-8403B374616B}.Debug|ARM64.Build.0 = Debug|Any CPU
		{76797E56-67ED-4A5F-B16F-8403B374616B}.Debug|iPhone.ActiveCfg = Debug|Any CPU
		{76797E56-67ED-4A5F-B16F-8403B374616B}.Debug|iPhone.Build.0 = Debug|Any CPU
		{76797E56-67ED-4A5F-B16F-8403B374616B}.Debug|iPhoneSimulator.ActiveCfg = Debug|Any CPU
		{76797E56-67ED-4A5F-B16F-8403B374616B}.Debug|iPhoneSimulator.Build.0 = Debug|Any CPU
		{76797E56-67ED-4A5F-B16F-8403B374616B}.Debug|x64.ActiveCfg = Debug|Any CPU
		{76797E56-67ED-4A5F-B16F-8403B374616B}.Debug|x64.Build.0 = Debug|Any CPU
		{76797E56-67ED-4A5F-B16F-8403B374616B}.Debug|x86.ActiveCfg = Debug|Any CPU
		{76797E56-67ED-4A5F-B16F-8403B374616B}.Debug|x86.Build.0 = Debug|Any CPU
		{76797E56-67ED-4A5F-B16F-8403B374616B}.Release|Any CPU.ActiveCfg = Release|Any CPU
		{76797E56-67ED-4A5F-B16F-8403B374616B}.Release|Any CPU.Build.0 = Release|Any CPU
		{76797E56-67ED-4A5F-B16F-8403B374616B}.Release|ARM.ActiveCfg = Release|Any CPU
		{76797E56-67ED-4A5F-B16F-8403B374616B}.Release|ARM.Build.0 = Release|Any CPU
		{76797E56-67ED-4A5F-B16F-8403B374616B}.Release|ARM64.ActiveCfg = Release|Any CPU
		{76797E56-67ED-4A5F-B16F-8403B374616B}.Release|ARM64.Build.0 = Release|Any CPU
		{76797E56-67ED-4A5F-B16F-8403B374616B}.Release|iPhone.ActiveCfg = Release|Any CPU
		{76797E56-67ED-4A5F-B16F-8403B374616B}.Release|iPhone.Build.0 = Release|Any CPU
		{76797E56-67ED-4A5F-B16F-8403B374616B}.Release|iPhoneSimulator.ActiveCfg = Release|Any CPU
		{76797E56-67ED-4A5F-B16F-8403B374616B}.Release|iPhoneSimulator.Build.0 = Release|Any CPU
		{76797E56-67ED-4A5F-B16F-8403B374616B}.Release|x64.ActiveCfg = Release|Any CPU
		{76797E56-67ED-4A5F-B16F-8403B374616B}.Release|x64.Build.0 = Release|Any CPU
		{76797E56-67ED-4A5F-B16F-8403B374616B}.Release|x86.ActiveCfg = Release|Any CPU
		{76797E56-67ED-4A5F-B16F-8403B374616B}.Release|x86.Build.0 = Release|Any CPU
		{C73B6FF0-14B8-4D9A-A5D9-4FCCD2D2E7FF}.Ad-Hoc|Any CPU.ActiveCfg = Release|Any CPU
		{C73B6FF0-14B8-4D9A-A5D9-4FCCD2D2E7FF}.Ad-Hoc|Any CPU.Build.0 = Release|Any CPU
		{C73B6FF0-14B8-4D9A-A5D9-4FCCD2D2E7FF}.Ad-Hoc|ARM.ActiveCfg = Release|Any CPU
		{C73B6FF0-14B8-4D9A-A5D9-4FCCD2D2E7FF}.Ad-Hoc|ARM.Build.0 = Release|Any CPU
		{C73B6FF0-14B8-4D9A-A5D9-4FCCD2D2E7FF}.Ad-Hoc|ARM64.ActiveCfg = Release|Any CPU
		{C73B6FF0-14B8-4D9A-A5D9-4FCCD2D2E7FF}.Ad-Hoc|ARM64.Build.0 = Release|Any CPU
		{C73B6FF0-14B8-4D9A-A5D9-4FCCD2D2E7FF}.Ad-Hoc|iPhone.ActiveCfg = Release|Any CPU
		{C73B6FF0-14B8-4D9A-A5D9-4FCCD2D2E7FF}.Ad-Hoc|iPhone.Build.0 = Release|Any CPU
		{C73B6FF0-14B8-4D9A-A5D9-4FCCD2D2E7FF}.Ad-Hoc|iPhoneSimulator.ActiveCfg = Release|Any CPU
		{C73B6FF0-14B8-4D9A-A5D9-4FCCD2D2E7FF}.Ad-Hoc|iPhoneSimulator.Build.0 = Release|Any CPU
		{C73B6FF0-14B8-4D9A-A5D9-4FCCD2D2E7FF}.Ad-Hoc|x64.ActiveCfg = Release|Any CPU
		{C73B6FF0-14B8-4D9A-A5D9-4FCCD2D2E7FF}.Ad-Hoc|x64.Build.0 = Release|Any CPU
		{C73B6FF0-14B8-4D9A-A5D9-4FCCD2D2E7FF}.Ad-Hoc|x86.ActiveCfg = Release|Any CPU
		{C73B6FF0-14B8-4D9A-A5D9-4FCCD2D2E7FF}.Ad-Hoc|x86.Build.0 = Release|Any CPU
		{C73B6FF0-14B8-4D9A-A5D9-4FCCD2D2E7FF}.AppStore|Any CPU.ActiveCfg = Release|Any CPU
		{C73B6FF0-14B8-4D9A-A5D9-4FCCD2D2E7FF}.AppStore|Any CPU.Build.0 = Release|Any CPU
		{C73B6FF0-14B8-4D9A-A5D9-4FCCD2D2E7FF}.AppStore|ARM.ActiveCfg = Release|Any CPU
		{C73B6FF0-14B8-4D9A-A5D9-4FCCD2D2E7FF}.AppStore|ARM.Build.0 = Release|Any CPU
		{C73B6FF0-14B8-4D9A-A5D9-4FCCD2D2E7FF}.AppStore|ARM64.ActiveCfg = Release|Any CPU
		{C73B6FF0-14B8-4D9A-A5D9-4FCCD2D2E7FF}.AppStore|ARM64.Build.0 = Release|Any CPU
		{C73B6FF0-14B8-4D9A-A5D9-4FCCD2D2E7FF}.AppStore|iPhone.ActiveCfg = Release|Any CPU
		{C73B6FF0-14B8-4D9A-A5D9-4FCCD2D2E7FF}.AppStore|iPhone.Build.0 = Release|Any CPU
		{C73B6FF0-14B8-4D9A-A5D9-4FCCD2D2E7FF}.AppStore|iPhoneSimulator.ActiveCfg = Release|Any CPU
		{C73B6FF0-14B8-4D9A-A5D9-4FCCD2D2E7FF}.AppStore|iPhoneSimulator.Build.0 = Release|Any CPU
		{C73B6FF0-14B8-4D9A-A5D9-4FCCD2D2E7FF}.AppStore|x64.ActiveCfg = Release|Any CPU
		{C73B6FF0-14B8-4D9A-A5D9-4FCCD2D2E7FF}.AppStore|x64.Build.0 = Release|Any CPU
		{C73B6FF0-14B8-4D9A-A5D9-4FCCD2D2E7FF}.AppStore|x86.ActiveCfg = Release|Any CPU
		{C73B6FF0-14B8-4D9A-A5D9-4FCCD2D2E7FF}.AppStore|x86.Build.0 = Release|Any CPU
		{C73B6FF0-14B8-4D9A-A5D9-4FCCD2D2E7FF}.AuditMode|Any CPU.ActiveCfg = Debug|Any CPU
		{C73B6FF0-14B8-4D9A-A5D9-4FCCD2D2E7FF}.AuditMode|Any CPU.Build.0 = Debug|Any CPU
		{C73B6FF0-14B8-4D9A-A5D9-4FCCD2D2E7FF}.AuditMode|ARM.ActiveCfg = Debug|Any CPU
		{C73B6FF0-14B8-4D9A-A5D9-4FCCD2D2E7FF}.AuditMode|ARM.Build.0 = Debug|Any CPU
		{C73B6FF0-14B8-4D9A-A5D9-4FCCD2D2E7FF}.AuditMode|ARM64.ActiveCfg = Debug|Any CPU
		{C73B6FF0-14B8-4D9A-A5D9-4FCCD2D2E7FF}.AuditMode|ARM64.Build.0 = Debug|Any CPU
		{C73B6FF0-14B8-4D9A-A5D9-4FCCD2D2E7FF}.AuditMode|iPhone.ActiveCfg = Debug|Any CPU
		{C73B6FF0-14B8-4D9A-A5D9-4FCCD2D2E7FF}.AuditMode|iPhone.Build.0 = Debug|Any CPU
		{C73B6FF0-14B8-4D9A-A5D9-4FCCD2D2E7FF}.AuditMode|iPhoneSimulator.ActiveCfg = Debug|Any CPU
		{C73B6FF0-14B8-4D9A-A5D9-4FCCD2D2E7FF}.AuditMode|iPhoneSimulator.Build.0 = Debug|Any CPU
		{C73B6FF0-14B8-4D9A-A5D9-4FCCD2D2E7FF}.AuditMode|x64.ActiveCfg = Debug|Any CPU
		{C73B6FF0-14B8-4D9A-A5D9-4FCCD2D2E7FF}.AuditMode|x64.Build.0 = Debug|Any CPU
		{C73B6FF0-14B8-4D9A-A5D9-4FCCD2D2E7FF}.AuditMode|x86.ActiveCfg = Debug|Any CPU
		{C73B6FF0-14B8-4D9A-A5D9-4FCCD2D2E7FF}.AuditMode|x86.Build.0 = Debug|Any CPU
		{C73B6FF0-14B8-4D9A-A5D9-4FCCD2D2E7FF}.Debug|Any CPU.ActiveCfg = Debug|Any CPU
		{C73B6FF0-14B8-4D9A-A5D9-4FCCD2D2E7FF}.Debug|Any CPU.Build.0 = Debug|Any CPU
		{C73B6FF0-14B8-4D9A-A5D9-4FCCD2D2E7FF}.Debug|ARM.ActiveCfg = Debug|Any CPU
		{C73B6FF0-14B8-4D9A-A5D9-4FCCD2D2E7FF}.Debug|ARM.Build.0 = Debug|Any CPU
		{C73B6FF0-14B8-4D9A-A5D9-4FCCD2D2E7FF}.Debug|ARM64.ActiveCfg = Debug|Any CPU
		{C73B6FF0-14B8-4D9A-A5D9-4FCCD2D2E7FF}.Debug|ARM64.Build.0 = Debug|Any CPU
		{C73B6FF0-14B8-4D9A-A5D9-4FCCD2D2E7FF}.Debug|iPhone.ActiveCfg = Debug|Any CPU
		{C73B6FF0-14B8-4D9A-A5D9-4FCCD2D2E7FF}.Debug|iPhone.Build.0 = Debug|Any CPU
		{C73B6FF0-14B8-4D9A-A5D9-4FCCD2D2E7FF}.Debug|iPhoneSimulator.ActiveCfg = Debug|Any CPU
		{C73B6FF0-14B8-4D9A-A5D9-4FCCD2D2E7FF}.Debug|iPhoneSimulator.Build.0 = Debug|Any CPU
		{C73B6FF0-14B8-4D9A-A5D9-4FCCD2D2E7FF}.Debug|x64.ActiveCfg = Debug|Any CPU
		{C73B6FF0-14B8-4D9A-A5D9-4FCCD2D2E7FF}.Debug|x64.Build.0 = Debug|Any CPU
		{C73B6FF0-14B8-4D9A-A5D9-4FCCD2D2E7FF}.Debug|x86.ActiveCfg = Debug|Any CPU
		{C73B6FF0-14B8-4D9A-A5D9-4FCCD2D2E7FF}.Debug|x86.Build.0 = Debug|Any CPU
		{C73B6FF0-14B8-4D9A-A5D9-4FCCD2D2E7FF}.Release|Any CPU.ActiveCfg = Release|Any CPU
		{C73B6FF0-14B8-4D9A-A5D9-4FCCD2D2E7FF}.Release|Any CPU.Build.0 = Release|Any CPU
		{C73B6FF0-14B8-4D9A-A5D9-4FCCD2D2E7FF}.Release|ARM.ActiveCfg = Release|Any CPU
		{C73B6FF0-14B8-4D9A-A5D9-4FCCD2D2E7FF}.Release|ARM.Build.0 = Release|Any CPU
		{C73B6FF0-14B8-4D9A-A5D9-4FCCD2D2E7FF}.Release|ARM64.ActiveCfg = Release|Any CPU
		{C73B6FF0-14B8-4D9A-A5D9-4FCCD2D2E7FF}.Release|ARM64.Build.0 = Release|Any CPU
		{C73B6FF0-14B8-4D9A-A5D9-4FCCD2D2E7FF}.Release|iPhone.ActiveCfg = Release|Any CPU
		{C73B6FF0-14B8-4D9A-A5D9-4FCCD2D2E7FF}.Release|iPhone.Build.0 = Release|Any CPU
		{C73B6FF0-14B8-4D9A-A5D9-4FCCD2D2E7FF}.Release|iPhoneSimulator.ActiveCfg = Release|Any CPU
		{C73B6FF0-14B8-4D9A-A5D9-4FCCD2D2E7FF}.Release|iPhoneSimulator.Build.0 = Release|Any CPU
		{C73B6FF0-14B8-4D9A-A5D9-4FCCD2D2E7FF}.Release|x64.ActiveCfg = Release|Any CPU
		{C73B6FF0-14B8-4D9A-A5D9-4FCCD2D2E7FF}.Release|x64.Build.0 = Release|Any CPU
		{C73B6FF0-14B8-4D9A-A5D9-4FCCD2D2E7FF}.Release|x86.ActiveCfg = Release|Any CPU
		{C73B6FF0-14B8-4D9A-A5D9-4FCCD2D2E7FF}.Release|x86.Build.0 = Release|Any CPU
	EndGlobalSection
	GlobalSection(SolutionProperties) = preSolution
		HideSolutionNode = FALSE
	EndGlobalSection
	GlobalSection(NestedProjects) = preSolution
		{F1CC848C-E428-4DB8-B275-5B4BBAF55509} = {FEA93C8A-0C6E-44F9-B593-3D5962B2F1C6}
	EndGlobalSection
	GlobalSection(ExtensibilityGlobals) = postSolution
		SolutionGuid = {4BF67C3E-869B-4662-BFDE-7951D2C10D14}
	EndGlobalSection
EndGlobal
