
Microsoft Visual Studio Solution File, Format Version 12.00
# Visual Studio 15
VisualStudioVersion = 15.0.27130.2027
MinimumVisualStudioVersion = 10.0.40219.1
Project("{2150E333-8FDC-42A3-9474-1A3956D46DE8}") = "1.Core", "1.Core", "{56C34DEB-127F-4EB6-86FD-D31D48FB528C}"
EndProject
Project("{2150E333-8FDC-42A3-9474-1A3956D46DE8}") = "2.Consoles", "2.Consoles", "{AD661C5A-2907-456C-8B73-285A1D11BDD8}"
EndProject
Project("{9A19103F-16F7-4668-BE54-9A1E7A4F7556}") = "Shared.Kernel", "Shared.Kernel\Shared.Kernel.csproj", "{CB62E4FE-399C-4B49-B0DC-DE140F02AA54}"
EndProject
Project("{9A19103F-16F7-4668-BE54-9A1E7A4F7556}") = "Consoles.Core", "Consoles.Core\Consoles.Core.csproj", "{0194DF4A-3F2F-42FB-A7C8-3C80F3A677E4}"
EndProject
Project("{9A19103F-16F7-4668-BE54-9A1E7A4F7556}") = "Consoles.Processes", "Consoles.Processes\Consoles.Processes.csproj", "{3D74BBA4-CA86-4475-82C5-AC8ADE3F4658}"
EndProject
Project("{2150E333-8FDC-42A3-9474-1A3956D46DE8}") = "3.Notebook", "3.Notebook", "{3D2F6470-B84D-4C0F-A469-C7D11344F8AE}"
EndProject
Project("{2150E333-8FDC-42A3-9474-1A3956D46DE8}") = "4.User Interfaces", "4.User Interfaces", "{F8429758-34B1-41F2-B342-0B3D31D117DD}"
EndProject
Project("{2150E333-8FDC-42A3-9474-1A3956D46DE8}") = "5.Tests", "5.Tests", "{93C9A77F-F3CC-4C5E-9410-B0C77857259F}"
EndProject
Project("{FAE04EC0-301F-11D3-BF4B-00C04F79EFBC}") = "UI.Wpf", "UI.Wpf\UI.Wpf.csproj", "{3DC4A3D3-40F4-415C-A386-C3CA97D4DCD8}"
EndProject
Project("{9A19103F-16F7-4668-BE54-9A1E7A4F7556}") = "Notebook.Core", "Notebook.Core\Notebook.Core.csproj", "{1A7F7A2C-8332-449C-8D66-B9D0C5E67C6A}"
EndProject
Project("{9A19103F-16F7-4668-BE54-9A1E7A4F7556}") = "Consoles.Data.SQLite", "Consoles.Data.SQLite\Consoles.Data.SQLite.csproj", "{A0F1FE20-6A7A-425E-9183-4C0E84790176}"
EndProject
Project("{9A19103F-16F7-4668-BE54-9A1E7A4F7556}") = "Notebook.Data.SQLite", "Notebook.Data.SQLite\Notebook.Data.SQLite.csproj", "{8B63985B-2688-488C-B343-C19999D17E32}"
EndProject
Global
	GlobalSection(SolutionConfigurationPlatforms) = preSolution
		Debug|Any CPU = Debug|Any CPU
		Release|Any CPU = Release|Any CPU
	EndGlobalSection
	GlobalSection(ProjectConfigurationPlatforms) = postSolution
		{CB62E4FE-399C-4B49-B0DC-DE140F02AA54}.Debug|Any CPU.ActiveCfg = Debug|Any CPU
		{CB62E4FE-399C-4B49-B0DC-DE140F02AA54}.Debug|Any CPU.Build.0 = Debug|Any CPU
		{CB62E4FE-399C-4B49-B0DC-DE140F02AA54}.Release|Any CPU.ActiveCfg = Release|Any CPU
		{CB62E4FE-399C-4B49-B0DC-DE140F02AA54}.Release|Any CPU.Build.0 = Release|Any CPU
		{0194DF4A-3F2F-42FB-A7C8-3C80F3A677E4}.Debug|Any CPU.ActiveCfg = Debug|Any CPU
		{0194DF4A-3F2F-42FB-A7C8-3C80F3A677E4}.Debug|Any CPU.Build.0 = Debug|Any CPU
		{0194DF4A-3F2F-42FB-A7C8-3C80F3A677E4}.Release|Any CPU.ActiveCfg = Release|Any CPU
		{0194DF4A-3F2F-42FB-A7C8-3C80F3A677E4}.Release|Any CPU.Build.0 = Release|Any CPU
		{3D74BBA4-CA86-4475-82C5-AC8ADE3F4658}.Debug|Any CPU.ActiveCfg = Debug|Any CPU
		{3D74BBA4-CA86-4475-82C5-AC8ADE3F4658}.Debug|Any CPU.Build.0 = Debug|Any CPU
		{3D74BBA4-CA86-4475-82C5-AC8ADE3F4658}.Release|Any CPU.ActiveCfg = Release|Any CPU
		{3D74BBA4-CA86-4475-82C5-AC8ADE3F4658}.Release|Any CPU.Build.0 = Release|Any CPU
		{3DC4A3D3-40F4-415C-A386-C3CA97D4DCD8}.Debug|Any CPU.ActiveCfg = Debug|Any CPU
		{3DC4A3D3-40F4-415C-A386-C3CA97D4DCD8}.Debug|Any CPU.Build.0 = Debug|Any CPU
		{3DC4A3D3-40F4-415C-A386-C3CA97D4DCD8}.Release|Any CPU.ActiveCfg = Release|Any CPU
		{3DC4A3D3-40F4-415C-A386-C3CA97D4DCD8}.Release|Any CPU.Build.0 = Release|Any CPU
		{1A7F7A2C-8332-449C-8D66-B9D0C5E67C6A}.Debug|Any CPU.ActiveCfg = Debug|Any CPU
		{1A7F7A2C-8332-449C-8D66-B9D0C5E67C6A}.Debug|Any CPU.Build.0 = Debug|Any CPU
		{1A7F7A2C-8332-449C-8D66-B9D0C5E67C6A}.Release|Any CPU.ActiveCfg = Release|Any CPU
		{1A7F7A2C-8332-449C-8D66-B9D0C5E67C6A}.Release|Any CPU.Build.0 = Release|Any CPU
		{A0F1FE20-6A7A-425E-9183-4C0E84790176}.Debug|Any CPU.ActiveCfg = Debug|Any CPU
		{A0F1FE20-6A7A-425E-9183-4C0E84790176}.Debug|Any CPU.Build.0 = Debug|Any CPU
		{A0F1FE20-6A7A-425E-9183-4C0E84790176}.Release|Any CPU.ActiveCfg = Release|Any CPU
		{A0F1FE20-6A7A-425E-9183-4C0E84790176}.Release|Any CPU.Build.0 = Release|Any CPU
		{8B63985B-2688-488C-B343-C19999D17E32}.Debug|Any CPU.ActiveCfg = Debug|Any CPU
		{8B63985B-2688-488C-B343-C19999D17E32}.Debug|Any CPU.Build.0 = Debug|Any CPU
		{8B63985B-2688-488C-B343-C19999D17E32}.Release|Any CPU.ActiveCfg = Release|Any CPU
		{8B63985B-2688-488C-B343-C19999D17E32}.Release|Any CPU.Build.0 = Release|Any CPU
	EndGlobalSection
	GlobalSection(SolutionProperties) = preSolution
		HideSolutionNode = FALSE
	EndGlobalSection
	GlobalSection(NestedProjects) = preSolution
		{CB62E4FE-399C-4B49-B0DC-DE140F02AA54} = {56C34DEB-127F-4EB6-86FD-D31D48FB528C}
		{0194DF4A-3F2F-42FB-A7C8-3C80F3A677E4} = {AD661C5A-2907-456C-8B73-285A1D11BDD8}
		{3D74BBA4-CA86-4475-82C5-AC8ADE3F4658} = {AD661C5A-2907-456C-8B73-285A1D11BDD8}
		{3DC4A3D3-40F4-415C-A386-C3CA97D4DCD8} = {F8429758-34B1-41F2-B342-0B3D31D117DD}
		{1A7F7A2C-8332-449C-8D66-B9D0C5E67C6A} = {3D2F6470-B84D-4C0F-A469-C7D11344F8AE}
		{A0F1FE20-6A7A-425E-9183-4C0E84790176} = {AD661C5A-2907-456C-8B73-285A1D11BDD8}
		{8B63985B-2688-488C-B343-C19999D17E32} = {3D2F6470-B84D-4C0F-A469-C7D11344F8AE}
	EndGlobalSection
	GlobalSection(ExtensibilityGlobals) = postSolution
		SolutionGuid = {4BF67C3E-869B-4662-BFDE-7951D2C10D14}
	EndGlobalSection
EndGlobal
