
Microsoft Visual Studio Solution File, Format Version 12.00
# Visual Studio Version 16
VisualStudioVersion = 16.0.31019.35
MinimumVisualStudioVersion = 10.0.40219.1
Project("{9A19103F-16F7-4668-BE54-9A1E7A4F7556}") = "dTerm.Core", "dTerm.Core\dTerm.Core.csproj", "{8088449F-51A5-422B-B546-47CF1FC929A4}"
EndProject
Project("{9A19103F-16F7-4668-BE54-9A1E7A4F7556}") = "dTerm.Infra.ConPTY", "dTerm.Infra.ConPTY\dTerm.Infra.ConPTY.csproj", "{26722D65-22E4-4443-855E-8861694935CF}"
EndProject
Project("{9A19103F-16F7-4668-BE54-9A1E7A4F7556}") = "dTerm.UI.Wpf", "dTerm.UI.Wpf\dTerm.UI.Wpf.csproj", "{38DEF603-AA67-4891-AE3C-4F0C2FDFAB2E}"
EndProject
Project("{FAE04EC0-301F-11D3-BF4B-00C04F79EFBC}") = "dTerm.UI.Console", "dTerm.UI.Console\dTerm.UI.Console.csproj", "{95B23FCF-04BE-4C51-8048-1901EFD2A37A}"
EndProject
Global
	GlobalSection(SolutionConfigurationPlatforms) = preSolution
		Debug|Any CPU = Debug|Any CPU
		Release|Any CPU = Release|Any CPU
	EndGlobalSection
	GlobalSection(ProjectConfigurationPlatforms) = postSolution
		{8088449F-51A5-422B-B546-47CF1FC929A4}.Debug|Any CPU.ActiveCfg = Debug|Any CPU
		{8088449F-51A5-422B-B546-47CF1FC929A4}.Debug|Any CPU.Build.0 = Debug|Any CPU
		{8088449F-51A5-422B-B546-47CF1FC929A4}.Release|Any CPU.ActiveCfg = Release|Any CPU
		{8088449F-51A5-422B-B546-47CF1FC929A4}.Release|Any CPU.Build.0 = Release|Any CPU
		{26722D65-22E4-4443-855E-8861694935CF}.Debug|Any CPU.ActiveCfg = Debug|Any CPU
		{26722D65-22E4-4443-855E-8861694935CF}.Debug|Any CPU.Build.0 = Debug|Any CPU
		{26722D65-22E4-4443-855E-8861694935CF}.Release|Any CPU.ActiveCfg = Release|Any CPU
		{26722D65-22E4-4443-855E-8861694935CF}.Release|Any CPU.Build.0 = Release|Any CPU
		{38DEF603-AA67-4891-AE3C-4F0C2FDFAB2E}.Debug|Any CPU.ActiveCfg = Debug|Any CPU
		{38DEF603-AA67-4891-AE3C-4F0C2FDFAB2E}.Debug|Any CPU.Build.0 = Debug|Any CPU
		{38DEF603-AA67-4891-AE3C-4F0C2FDFAB2E}.Release|Any CPU.ActiveCfg = Release|Any CPU
		{38DEF603-AA67-4891-AE3C-4F0C2FDFAB2E}.Release|Any CPU.Build.0 = Release|Any CPU
		{95B23FCF-04BE-4C51-8048-1901EFD2A37A}.Debug|Any CPU.ActiveCfg = Debug|Any CPU
		{95B23FCF-04BE-4C51-8048-1901EFD2A37A}.Debug|Any CPU.Build.0 = Debug|Any CPU
		{95B23FCF-04BE-4C51-8048-1901EFD2A37A}.Release|Any CPU.ActiveCfg = Release|Any CPU
		{95B23FCF-04BE-4C51-8048-1901EFD2A37A}.Release|Any CPU.Build.0 = Release|Any CPU
	EndGlobalSection
	GlobalSection(SolutionProperties) = preSolution
		HideSolutionNode = FALSE
	EndGlobalSection
	GlobalSection(ExtensibilityGlobals) = postSolution
		SolutionGuid = {4BF67C3E-869B-4662-BFDE-7951D2C10D14}
	EndGlobalSection
EndGlobal
