
Microsoft Visual Studio Solution File, Format Version 12.00
# Visual Studio 15
VisualStudioVersion = 15.0.27130.2036
MinimumVisualStudioVersion = 10.0.40219.1
Project("{2150E333-8FDC-42A3-9474-1A3956D46DE8}") = "1.Core", "1.Core", "{56C34DEB-127F-4EB6-86FD-D31D48FB528C}"
EndProject
Project("{2150E333-8FDC-42A3-9474-1A3956D46DE8}") = "2.Processes", "2.Processes", "{AD661C5A-2907-456C-8B73-285A1D11BDD8}"
EndProject
Project("{2150E333-8FDC-42A3-9474-1A3956D46DE8}") = "3.User Interface", "3.User Interface", "{F8429758-34B1-41F2-B342-0B3D31D117DD}"
EndProject
Project("{FAE04EC0-301F-11D3-BF4B-00C04F79EFBC}") = "Processes.Data.LiteDB", "Processes.Data.LiteDB\Processes.Data.LiteDB.csproj", "{50C33794-64A4-4DFD-8F7F-895F68E3C9FC}"
EndProject
Project("{FAE04EC0-301F-11D3-BF4B-00C04F79EFBC}") = "Processes.Systems.Local", "Processes.Systems.Local\Processes.Systems.Local.csproj", "{8F1970BD-7CDC-47BE-8DC7-27A1CBC25D46}"
EndProject
Project("{FAE04EC0-301F-11D3-BF4B-00C04F79EFBC}") = "Shared.Kernel", "Shared.Kernel\Shared.Kernel.csproj", "{DD8DF004-9062-4358-9EA3-F9CFBC5D061F}"
EndProject
Project("{FAE04EC0-301F-11D3-BF4B-00C04F79EFBC}") = "Processes.Core", "Processes.Core\Processes.Core.csproj", "{9FC5178A-6F50-492A-9546-CFAFBB0919D0}"
EndProject
Project("{FAE04EC0-301F-11D3-BF4B-00C04F79EFBC}") = "UI.Wpf", "UI.Wpf\UI.Wpf.csproj", "{4031C2CC-D90F-4159-A22B-00B4AB3EE984}"
EndProject
Project("{FAE04EC0-301F-11D3-BF4B-00C04F79EFBC}") = "Processes.Utilities", "Processes.Utilities\Processes.Utilities.csproj", "{6993CDEF-77B3-474B-B3CC-6A663C73F4CF}"
EndProject
Global
	GlobalSection(SolutionConfigurationPlatforms) = preSolution
		Debug|Any CPU = Debug|Any CPU
		Release|Any CPU = Release|Any CPU
	EndGlobalSection
	GlobalSection(ProjectConfigurationPlatforms) = postSolution
		{50C33794-64A4-4DFD-8F7F-895F68E3C9FC}.Debug|Any CPU.ActiveCfg = Debug|Any CPU
		{50C33794-64A4-4DFD-8F7F-895F68E3C9FC}.Debug|Any CPU.Build.0 = Debug|Any CPU
		{50C33794-64A4-4DFD-8F7F-895F68E3C9FC}.Release|Any CPU.ActiveCfg = Release|Any CPU
		{50C33794-64A4-4DFD-8F7F-895F68E3C9FC}.Release|Any CPU.Build.0 = Release|Any CPU
		{8F1970BD-7CDC-47BE-8DC7-27A1CBC25D46}.Debug|Any CPU.ActiveCfg = Debug|Any CPU
		{8F1970BD-7CDC-47BE-8DC7-27A1CBC25D46}.Debug|Any CPU.Build.0 = Debug|Any CPU
		{8F1970BD-7CDC-47BE-8DC7-27A1CBC25D46}.Release|Any CPU.ActiveCfg = Release|Any CPU
		{8F1970BD-7CDC-47BE-8DC7-27A1CBC25D46}.Release|Any CPU.Build.0 = Release|Any CPU
		{DD8DF004-9062-4358-9EA3-F9CFBC5D061F}.Debug|Any CPU.ActiveCfg = Debug|Any CPU
		{DD8DF004-9062-4358-9EA3-F9CFBC5D061F}.Debug|Any CPU.Build.0 = Debug|Any CPU
		{DD8DF004-9062-4358-9EA3-F9CFBC5D061F}.Release|Any CPU.ActiveCfg = Release|Any CPU
		{DD8DF004-9062-4358-9EA3-F9CFBC5D061F}.Release|Any CPU.Build.0 = Release|Any CPU
		{9FC5178A-6F50-492A-9546-CFAFBB0919D0}.Debug|Any CPU.ActiveCfg = Debug|Any CPU
		{9FC5178A-6F50-492A-9546-CFAFBB0919D0}.Debug|Any CPU.Build.0 = Debug|Any CPU
		{9FC5178A-6F50-492A-9546-CFAFBB0919D0}.Release|Any CPU.ActiveCfg = Release|Any CPU
		{9FC5178A-6F50-492A-9546-CFAFBB0919D0}.Release|Any CPU.Build.0 = Release|Any CPU
		{4031C2CC-D90F-4159-A22B-00B4AB3EE984}.Debug|Any CPU.ActiveCfg = Debug|Any CPU
		{4031C2CC-D90F-4159-A22B-00B4AB3EE984}.Debug|Any CPU.Build.0 = Debug|Any CPU
		{4031C2CC-D90F-4159-A22B-00B4AB3EE984}.Release|Any CPU.ActiveCfg = Release|Any CPU
		{4031C2CC-D90F-4159-A22B-00B4AB3EE984}.Release|Any CPU.Build.0 = Release|Any CPU
		{6993CDEF-77B3-474B-B3CC-6A663C73F4CF}.Debug|Any CPU.ActiveCfg = Debug|Any CPU
		{6993CDEF-77B3-474B-B3CC-6A663C73F4CF}.Debug|Any CPU.Build.0 = Debug|Any CPU
		{6993CDEF-77B3-474B-B3CC-6A663C73F4CF}.Release|Any CPU.ActiveCfg = Release|Any CPU
		{6993CDEF-77B3-474B-B3CC-6A663C73F4CF}.Release|Any CPU.Build.0 = Release|Any CPU
	EndGlobalSection
	GlobalSection(SolutionProperties) = preSolution
		HideSolutionNode = FALSE
	EndGlobalSection
	GlobalSection(NestedProjects) = preSolution
		{50C33794-64A4-4DFD-8F7F-895F68E3C9FC} = {AD661C5A-2907-456C-8B73-285A1D11BDD8}
		{8F1970BD-7CDC-47BE-8DC7-27A1CBC25D46} = {AD661C5A-2907-456C-8B73-285A1D11BDD8}
		{DD8DF004-9062-4358-9EA3-F9CFBC5D061F} = {56C34DEB-127F-4EB6-86FD-D31D48FB528C}
		{9FC5178A-6F50-492A-9546-CFAFBB0919D0} = {AD661C5A-2907-456C-8B73-285A1D11BDD8}
		{4031C2CC-D90F-4159-A22B-00B4AB3EE984} = {F8429758-34B1-41F2-B342-0B3D31D117DD}
		{6993CDEF-77B3-474B-B3CC-6A663C73F4CF} = {AD661C5A-2907-456C-8B73-285A1D11BDD8}
	EndGlobalSection
	GlobalSection(ExtensibilityGlobals) = postSolution
		SolutionGuid = {4BF67C3E-869B-4662-BFDE-7951D2C10D14}
	EndGlobalSection
EndGlobal
